PODS:
  - Flutter (1.0.0)
  - store_checker (0.0.1):
    - Flutter

DEPENDENCIES:
  - Flutter (from `Flutter`)
  - store_checker (from `.symlinks/plugins/store_checker/ios`)

EXTERNAL SOURCES:
  Flutter:
    :path: Flutter
  store_checker:
    :path: ".symlinks/plugins/store_checker/ios"

SPEC CHECKSUMS:
  Flutter: cabc95a1d2626b1b06e7179b784ebcf0c0cde467
  store_checker: 797b66aa083e23d276a40e6bfa9e86ff043e6c8b

PODFILE CHECKSUM: 0dbd5a87e0ace00c9610d2037ac22083a01f861d

COCOAPODS: 1.16.2
